{
  "name": "personal-website",
  "lockfileVersion": 3,
  "requires": true,
  "packages": {
    "": {
      "dependencies": {
        "@owickstrom/the-monospace-web": "github:owickstrom/the-monospace-web",
        "@rescript/core": "^1.6.1",
        "rescript": "^11.1.4"
      }
    },
    "node_modules/@owickstrom/the-monospace-web": {
      "version": "0.1.5",
      "resolved": "git+ssh://git@github.com/owickstrom/the-monospace-web.git#c0d05c9f4dc113ef0fc8fe5e18b4bc6c5522fee4",
      "license": "MIT"
    },
    "node_modules/@rescript/core": {
      "version": "1.6.1",
      "resolved": "https://registry.npmjs.org/@rescript/core/-/core-1.6.1.tgz",
      "integrity": "sha512-vyb5k90ck+65Fgui+5vCja/mUfzKaK3kOPT4Z6aAJdHLH1eljEi1zKhXroCiCtpNLSWp8k4ulh1bdB5WS0hvqA==",
      "license": "MIT",
      "peerDependencies": {
        "rescript": ">=11.1.0"
      }
    },
    "node_modules/rescript": {
      "version": "11.1.4",
      "resolved": "https://registry.npmjs.org/rescript/-/rescript-11.1.4.tgz",
      "integrity": "sha512-0bGU0bocihjSC6MsE3TMjHjY0EUpchyrREquLS8VsZ3ohSMD+VHUEwimEfB3kpBI1vYkw3UFZ3WD8R28guz/Vw==",
      "hasInstallScript": true,
      "license": "SEE LICENSE IN LICENSE",
      "bin": {
        "bsc": "bsc",
        "bstracing": "lib/bstracing",
        "rescript": "rescript"
      },
      "engines": {
        "node": ">=10"
      }
    }
  }
}
