{
  "name": "personal-website",
  "lockfileVersion": 3,
  "requires": true,
  "packages": {
    "": {
      "dependencies": {
        "@owickstrom/the-monospace-web": "github:owickstrom/the-monospace-web"
      }
    },
    "node_modules/@owickstrom/the-monospace-web": {
      "version": "0.1.5",
      "resolved": "git+ssh://git@github.com/owickstrom/the-monospace-web.git#c0d05c9f4dc113ef0fc8fe5e18b4bc6c5522fee4",
      "license": "MIT"
    }
  }
}
